<Solution>
  <Project Path="DrivingLicenseIssuanceSystem.API/DrivingLicenseIssuanceSystem.API.csproj" />
  <Project Path="DrivingLicenseIssuanceSystem.Application/DrivingLicenseIssuanceSystem.Application.csproj" />
  <Project Path="DrivingLicenseIssuanceSystem.Domain/DrivingLicenseIssuanceSystem.Domain.csproj" />
  <Project Path="DrivingLicenseIssuanceSystem.Infrastructure/DrivingLicenseIssuanceSystem.Infrastructure.csproj" />
  <Project Path="DrivingLicenseIssuanceSystem.Shared/DrivingLicenseIssuanceSystem.Shared.csproj" />
</Solution>
